Microsoft Visual Studio Solution File, Format Version 12.00
# Visual Studio Version 17
VisualStudioVersion = 17.5.2.0
MinimumVisualStudioVersion = 10.0.40219.1
Project("{FAE04EC0-301F-11D3-BF4B-00C04F79EFBC}") = "InfisicalConfiguration", "InfisicalConfiguration\InfisicalConfiguration.csproj", "{7A5009D6-FDD5-7E8A-BD92-E2086568E4F9}"
EndProject
Project("{FAE04EC0-301F-11D3-BF4B-00C04F79EFBC}") = "InfisicalConfiguration.Tests", "InfisicalConfiguration.Tests\InfisicalConfiguration.Tests.csproj", "{BFB9CE6F-ACC3-0ABE-34DF-9DA5BB3BE763}"
EndProject
Global
	GlobalSection(SolutionConfigurationPlatforms) = preSolution
		Debug|Any CPU = Debug|Any CPU
		Release|Any CPU = Release|Any CPU
	EndGlobalSection
	GlobalSection(ProjectConfigurationPlatforms) = postSolution
		{7A5009D6-FDD5-7E8A-BD92-E2086568E4F9}.Debug|Any CPU.ActiveCfg = Debug|Any CPU
		{7A5009D6-FDD5-7E8A-BD92-E2086568E4F9}.Debug|Any CPU.Build.0 = Debug|Any CPU
		{7A5009D6-FDD5-7E8A-BD92-E2086568E4F9}.Release|Any CPU.ActiveCfg = Release|Any CPU
		{7A5009D6-FDD5-7E8A-BD92-E2086568E4F9}.Release|Any CPU.Build.0 = Release|Any CPU
		{BFB9CE6F-ACC3-0ABE-34DF-9DA5BB3BE763}.Debug|Any CPU.ActiveCfg = Debug|Any CPU
		{BFB9CE6F-ACC3-0ABE-34DF-9DA5BB3BE763}.Debug|Any CPU.Build.0 = Debug|Any CPU
		{BFB9CE6F-ACC3-0ABE-34DF-9DA5BB3BE763}.Release|Any CPU.ActiveCfg = Release|Any CPU
		{BFB9CE6F-ACC3-0ABE-34DF-9DA5BB3BE763}.Release|Any CPU.Build.0 = Release|Any CPU
	EndGlobalSection
	GlobalSection(SolutionProperties) = preSolution
		HideSolutionNode = FALSE
	EndGlobalSection
	GlobalSection(ExtensibilityGlobals) = postSolution
		SolutionGuid = {FF5517E0-6941-43F9-890B-3426B9F397AB}
	EndGlobalSection
EndGlobal
